
Microsoft Visual Studio Solution File, Format Version 12.00
# Visual Studio 2012
Project("{2150E333-8FDC-42A3-9474-1A3956D46DE8}") = "MonoGame", "MonoGame", "{A964C064-A3FA-45B5-B3EF-8CEBE06CFF01}"
EndProject
Project("{FAE04EC0-301F-11D3-BF4B-00C04F79EFBC}") = "MonoGame.Framework.iOS", "..\..\MonoGame\MonoGame.Framework\MonoGame.Framework.iOS.csproj", "{DB8508BB-9849-4CC2-BC0F-8EB5DACB3C47}"
EndProject
Project("{FAE04EC0-301F-11D3-BF4B-00C04F79EFBC}") = "Lidgren.Network.iOS", "..\..\MonoGame\ThirdParty\Lidgren.Network\Lidgren.Network.iOS.csproj", "{734EAA48-F1CA-481A-B391-0285BC0E8B40}"
EndProject
Project("{2150E333-8FDC-42A3-9474-1A3956D46DE8}") = "rx", "rx", "{FB69FA1E-897E-49A6-99A2-39606EF1BE31}"
EndProject
Project("{FAE04EC0-301F-11D3-BF4B-00C04F79EFBC}") = "rx-monotouch", "..\..\Rx-MonoTouch\rx-monotouch.csproj", "{B201C111-F231-4D4A-9500-DF2CA8D5FD33}"
EndProject
Project("{2150E333-8FDC-42A3-9474-1A3956D46DE8}") = "Samples", "Samples", "{E2D3D7D3-9F00-42ED-9658-F323EAC15C01}"
EndProject
Project("{FAE04EC0-301F-11D3-BF4B-00C04F79EFBC}") = "Xpf.Mono.Samples.iOS", "Samples\Xpf.Mono.Samples.iOS\Xpf.Mono.Samples.iOS.csproj", "{2284583A-AE34-4E24-ACEA-B48181811457}"
EndProject
Project("{2150E333-8FDC-42A3-9474-1A3956D46DE8}") = "Xpf", "Xpf", "{E39147F1-1B01-4C87-A088-7C3CDA46B8F5}"
EndProject
Project("{FAE04EC0-301F-11D3-BF4B-00C04F79EFBC}") = "RedBadger.Xpf.Adapters.Xna.iOS", "..\RedBadger.Xpf.Adapters.Xna\RedBadger.Xpf.Adapters.Xna.iOS.csproj", "{24A681A6-C859-4ADE-AB69-A950AC03B28D}"
EndProject
Project("{FAE04EC0-301F-11D3-BF4B-00C04F79EFBC}") = "RedBadger.Xpf.iOS", "..\RedBadger.Xpf\RedBadger.Xpf.iOS.csproj", "{468908C5-D80A-4999-9174-4D9EA8F1CD30}"
EndProject
Global
	GlobalSection(SolutionConfigurationPlatforms) = preSolution
		Ad-Hoc|Any CPU = Ad-Hoc|Any CPU
		Ad-Hoc|iPhone = Ad-Hoc|iPhone
		Ad-Hoc|iPhoneSimulator = Ad-Hoc|iPhoneSimulator
		Ad-Hoc|Mixed Platforms = Ad-Hoc|Mixed Platforms
		Ad-Hoc|x86 = Ad-Hoc|x86
		AppStore|Any CPU = AppStore|Any CPU
		AppStore|iPhone = AppStore|iPhone
		AppStore|iPhoneSimulator = AppStore|iPhoneSimulator
		AppStore|Mixed Platforms = AppStore|Mixed Platforms
		AppStore|x86 = AppStore|x86
		Debug|Any CPU = Debug|Any CPU
		Debug|iPhone = Debug|iPhone
		Debug|iPhoneSimulator = Debug|iPhoneSimulator
		Debug|Mixed Platforms = Debug|Mixed Platforms
		Debug|x86 = Debug|x86
		Release|Any CPU = Release|Any CPU
		Release|iPhone = Release|iPhone
		Release|iPhoneSimulator = Release|iPhoneSimulator
		Release|Mixed Platforms = Release|Mixed Platforms
		Release|x86 = Release|x86
	EndGlobalSection
	GlobalSection(ProjectConfigurationPlatforms) = postSolution
		{2284583A-AE34-4E24-ACEA-B48181811457}.Ad-Hoc|Any CPU.ActiveCfg = Release|iPhone
		{2284583A-AE34-4E24-ACEA-B48181811457}.Ad-Hoc|Any CPU.Build.0 = Release|iPhone
		{2284583A-AE34-4E24-ACEA-B48181811457}.Ad-Hoc|iPhone.ActiveCfg = Ad-Hoc|iPhone
		{2284583A-AE34-4E24-ACEA-B48181811457}.Ad-Hoc|iPhone.Build.0 = Ad-Hoc|iPhone
		{2284583A-AE34-4E24-ACEA-B48181811457}.Ad-Hoc|iPhoneSimulator.ActiveCfg = Release|iPhoneSimulator
		{2284583A-AE34-4E24-ACEA-B48181811457}.Ad-Hoc|iPhoneSimulator.Build.0 = Release|iPhoneSimulator
		{2284583A-AE34-4E24-ACEA-B48181811457}.Ad-Hoc|Mixed Platforms.ActiveCfg = Debug|iPhoneSimulator
		{2284583A-AE34-4E24-ACEA-B48181811457}.Ad-Hoc|Mixed Platforms.Build.0 = Debug|iPhoneSimulator
		{2284583A-AE34-4E24-ACEA-B48181811457}.Ad-Hoc|x86.ActiveCfg = Ad-Hoc|iPhone
		{2284583A-AE34-4E24-ACEA-B48181811457}.AppStore|Any CPU.ActiveCfg = Release|iPhone
		{2284583A-AE34-4E24-ACEA-B48181811457}.AppStore|Any CPU.Build.0 = Release|iPhone
		{2284583A-AE34-4E24-ACEA-B48181811457}.AppStore|iPhone.ActiveCfg = AppStore|iPhone
		{2284583A-AE34-4E24-ACEA-B48181811457}.AppStore|iPhone.Build.0 = AppStore|iPhone
		{2284583A-AE34-4E24-ACEA-B48181811457}.AppStore|iPhoneSimulator.ActiveCfg = Release|iPhoneSimulator
		{2284583A-AE34-4E24-ACEA-B48181811457}.AppStore|iPhoneSimulator.Build.0 = Release|iPhoneSimulator
		{2284583A-AE34-4E24-ACEA-B48181811457}.AppStore|Mixed Platforms.ActiveCfg = Debug|iPhoneSimulator
		{2284583A-AE34-4E24-ACEA-B48181811457}.AppStore|Mixed Platforms.Build.0 = Debug|iPhoneSimulator
		{2284583A-AE34-4E24-ACEA-B48181811457}.AppStore|x86.ActiveCfg = AppStore|iPhone
		{2284583A-AE34-4E24-ACEA-B48181811457}.Debug|Any CPU.ActiveCfg = Debug|iPhoneSimulator
		{2284583A-AE34-4E24-ACEA-B48181811457}.Debug|Any CPU.Build.0 = Debug|iPhoneSimulator
		{2284583A-AE34-4E24-ACEA-B48181811457}.Debug|iPhone.ActiveCfg = Debug|iPhone
		{2284583A-AE34-4E24-ACEA-B48181811457}.Debug|iPhone.Build.0 = Debug|iPhone
		{2284583A-AE34-4E24-ACEA-B48181811457}.Debug|iPhoneSimulator.ActiveCfg = Debug|iPhoneSimulator
		{2284583A-AE34-4E24-ACEA-B48181811457}.Debug|iPhoneSimulator.Build.0 = Debug|iPhoneSimulator
		{2284583A-AE34-4E24-ACEA-B48181811457}.Debug|Mixed Platforms.ActiveCfg = Debug|iPhoneSimulator
		{2284583A-AE34-4E24-ACEA-B48181811457}.Debug|Mixed Platforms.Build.0 = Debug|iPhoneSimulator
		{2284583A-AE34-4E24-ACEA-B48181811457}.Debug|x86.ActiveCfg = Debug|iPhoneSimulator
		{2284583A-AE34-4E24-ACEA-B48181811457}.Debug|x86.Build.0 = Debug|iPhoneSimulator
		{2284583A-AE34-4E24-ACEA-B48181811457}.Release|Any CPU.ActiveCfg = Release|iPhoneSimulator
		{2284583A-AE34-4E24-ACEA-B48181811457}.Release|Any CPU.Build.0 = Release|iPhoneSimulator
		{2284583A-AE34-4E24-ACEA-B48181811457}.Release|iPhone.ActiveCfg = Release|iPhone
		{2284583A-AE34-4E24-ACEA-B48181811457}.Release|iPhone.Build.0 = Release|iPhone
		{2284583A-AE34-4E24-ACEA-B48181811457}.Release|iPhoneSimulator.ActiveCfg = Release|iPhoneSimulator
		{2284583A-AE34-4E24-ACEA-B48181811457}.Release|iPhoneSimulator.Build.0 = Release|iPhoneSimulator
		{2284583A-AE34-4E24-ACEA-B48181811457}.Release|Mixed Platforms.ActiveCfg = Release|iPhoneSimulator
		{2284583A-AE34-4E24-ACEA-B48181811457}.Release|Mixed Platforms.Build.0 = Release|iPhoneSimulator
		{2284583A-AE34-4E24-ACEA-B48181811457}.Release|x86.ActiveCfg = Release|iPhoneSimulator
		{2284583A-AE34-4E24-ACEA-B48181811457}.Release|x86.Build.0 = Release|iPhoneSimulator
		{24A681A6-C859-4ADE-AB69-A950AC03B28D}.Ad-Hoc|Any CPU.ActiveCfg = Release|Any CPU
		{24A681A6-C859-4ADE-AB69-A950AC03B28D}.Ad-Hoc|iPhone.ActiveCfg = Debug|Any CPU
		{24A681A6-C859-4ADE-AB69-A950AC03B28D}.Ad-Hoc|iPhone.Build.0 = Debug|Any CPU
		{24A681A6-C859-4ADE-AB69-A950AC03B28D}.Ad-Hoc|iPhoneSimulator.ActiveCfg = Release|Any CPU
		{24A681A6-C859-4ADE-AB69-A950AC03B28D}.Ad-Hoc|Mixed Platforms.ActiveCfg = Debug|Any CPU
		{24A681A6-C859-4ADE-AB69-A950AC03B28D}.Ad-Hoc|Mixed Platforms.Build.0 = Debug|Any CPU
		{24A681A6-C859-4ADE-AB69-A950AC03B28D}.Ad-Hoc|x86.ActiveCfg = Debug|Any CPU
		{24A681A6-C859-4ADE-AB69-A950AC03B28D}.AppStore|Any CPU.ActiveCfg = Release|Any CPU
		{24A681A6-C859-4ADE-AB69-A950AC03B28D}.AppStore|iPhone.ActiveCfg = Debug|Any CPU
		{24A681A6-C859-4ADE-AB69-A950AC03B28D}.AppStore|iPhone.Build.0 = Debug|Any CPU
		{24A681A6-C859-4ADE-AB69-A950AC03B28D}.AppStore|iPhoneSimulator.ActiveCfg = Release|Any CPU
		{24A681A6-C859-4ADE-AB69-A950AC03B28D}.AppStore|Mixed Platforms.ActiveCfg = Debug|Any CPU
		{24A681A6-C859-4ADE-AB69-A950AC03B28D}.AppStore|Mixed Platforms.Build.0 = Debug|Any CPU
		{24A681A6-C859-4ADE-AB69-A950AC03B28D}.AppStore|x86.ActiveCfg = Debug|Any CPU
		{24A681A6-C859-4ADE-AB69-A950AC03B28D}.Debug|Any CPU.ActiveCfg = Debug|Any CPU
		{24A681A6-C859-4ADE-AB69-A950AC03B28D}.Debug|Any CPU.Build.0 = Debug|Any CPU
		{24A681A6-C859-4ADE-AB69-A950AC03B28D}.Debug|iPhone.ActiveCfg = Debug|Any CPU
		{24A681A6-C859-4ADE-AB69-A950AC03B28D}.Debug|iPhone.Build.0 = Debug|Any CPU
		{24A681A6-C859-4ADE-AB69-A950AC03B28D}.Debug|iPhoneSimulator.ActiveCfg = Debug|Any CPU
		{24A681A6-C859-4ADE-AB69-A950AC03B28D}.Debug|iPhoneSimulator.Build.0 = Debug|Any CPU
		{24A681A6-C859-4ADE-AB69-A950AC03B28D}.Debug|Mixed Platforms.ActiveCfg = Debug|Any CPU
		{24A681A6-C859-4ADE-AB69-A950AC03B28D}.Debug|Mixed Platforms.Build.0 = Debug|Any CPU
		{24A681A6-C859-4ADE-AB69-A950AC03B28D}.Debug|x86.ActiveCfg = Debug|Any CPU
		{24A681A6-C859-4ADE-AB69-A950AC03B28D}.Debug|x86.Build.0 = Debug|Any CPU
		{24A681A6-C859-4ADE-AB69-A950AC03B28D}.Release|Any CPU.ActiveCfg = Release|Any CPU
		{24A681A6-C859-4ADE-AB69-A950AC03B28D}.Release|Any CPU.Build.0 = Release|Any CPU
		{24A681A6-C859-4ADE-AB69-A950AC03B28D}.Release|iPhone.ActiveCfg = Release|Any CPU
		{24A681A6-C859-4ADE-AB69-A950AC03B28D}.Release|iPhone.Build.0 = Release|Any CPU
		{24A681A6-C859-4ADE-AB69-A950AC03B28D}.Release|iPhoneSimulator.ActiveCfg = Release|Any CPU
		{24A681A6-C859-4ADE-AB69-A950AC03B28D}.Release|iPhoneSimulator.Build.0 = Release|Any CPU
		{24A681A6-C859-4ADE-AB69-A950AC03B28D}.Release|Mixed Platforms.ActiveCfg = Release|Any CPU
		{24A681A6-C859-4ADE-AB69-A950AC03B28D}.Release|Mixed Platforms.Build.0 = Release|Any CPU
		{24A681A6-C859-4ADE-AB69-A950AC03B28D}.Release|x86.ActiveCfg = Release|Any CPU
		{24A681A6-C859-4ADE-AB69-A950AC03B28D}.Release|x86.Build.0 = Release|Any CPU
		{468908C5-D80A-4999-9174-4D9EA8F1CD30}.Ad-Hoc|Any CPU.ActiveCfg = Release|Any CPU
		{468908C5-D80A-4999-9174-4D9EA8F1CD30}.Ad-Hoc|Any CPU.Build.0 = Release|Any CPU
		{468908C5-D80A-4999-9174-4D9EA8F1CD30}.Ad-Hoc|iPhone.ActiveCfg = Release|Any CPU
		{468908C5-D80A-4999-9174-4D9EA8F1CD30}.Ad-Hoc|iPhone.Build.0 = Release|Any CPU
		{468908C5-D80A-4999-9174-4D9EA8F1CD30}.Ad-Hoc|iPhoneSimulator.ActiveCfg = Release|Any CPU
		{468908C5-D80A-4999-9174-4D9EA8F1CD30}.Ad-Hoc|iPhoneSimulator.Build.0 = Release|Any CPU
		{468908C5-D80A-4999-9174-4D9EA8F1CD30}.Ad-Hoc|Mixed Platforms.ActiveCfg = Release|Any CPU
		{468908C5-D80A-4999-9174-4D9EA8F1CD30}.Ad-Hoc|Mixed Platforms.Build.0 = Release|Any CPU
		{468908C5-D80A-4999-9174-4D9EA8F1CD30}.Ad-Hoc|x86.ActiveCfg = Debug|Any CPU
		{468908C5-D80A-4999-9174-4D9EA8F1CD30}.AppStore|Any CPU.ActiveCfg = Release|Any CPU
		{468908C5-D80A-4999-9174-4D9EA8F1CD30}.AppStore|Any CPU.Build.0 = Release|Any CPU
		{468908C5-D80A-4999-9174-4D9EA8F1CD30}.AppStore|iPhone.ActiveCfg = Release|Any CPU
		{468908C5-D80A-4999-9174-4D9EA8F1CD30}.AppStore|iPhone.Build.0 = Release|Any CPU
		{468908C5-D80A-4999-9174-4D9EA8F1CD30}.AppStore|iPhoneSimulator.ActiveCfg = Release|Any CPU
		{468908C5-D80A-4999-9174-4D9EA8F1CD30}.AppStore|iPhoneSimulator.Build.0 = Release|Any CPU
		{468908C5-D80A-4999-9174-4D9EA8F1CD30}.AppStore|Mixed Platforms.ActiveCfg = Release|Any CPU
		{468908C5-D80A-4999-9174-4D9EA8F1CD30}.AppStore|Mixed Platforms.Build.0 = Release|Any CPU
		{468908C5-D80A-4999-9174-4D9EA8F1CD30}.AppStore|x86.ActiveCfg = Debug|Any CPU
		{468908C5-D80A-4999-9174-4D9EA8F1CD30}.Debug|Any CPU.ActiveCfg = Debug|Any CPU
		{468908C5-D80A-4999-9174-4D9EA8F1CD30}.Debug|Any CPU.Build.0 = Debug|Any CPU
		{468908C5-D80A-4999-9174-4D9EA8F1CD30}.Debug|iPhone.ActiveCfg = Debug|Any CPU
		{468908C5-D80A-4999-9174-4D9EA8F1CD30}.Debug|iPhone.Build.0 = Debug|Any CPU
		{468908C5-D80A-4999-9174-4D9EA8F1CD30}.Debug|iPhoneSimulator.ActiveCfg = Debug|Any CPU
		{468908C5-D80A-4999-9174-4D9EA8F1CD30}.Debug|iPhoneSimulator.Build.0 = Debug|Any CPU
		{468908C5-D80A-4999-9174-4D9EA8F1CD30}.Debug|Mixed Platforms.ActiveCfg = Debug|Any CPU
		{468908C5-D80A-4999-9174-4D9EA8F1CD30}.Debug|Mixed Platforms.Build.0 = Debug|Any CPU
		{468908C5-D80A-4999-9174-4D9EA8F1CD30}.Debug|x86.ActiveCfg = Debug|Any CPU
		{468908C5-D80A-4999-9174-4D9EA8F1CD30}.Debug|x86.Build.0 = Debug|Any CPU
		{468908C5-D80A-4999-9174-4D9EA8F1CD30}.Release|Any CPU.ActiveCfg = Release|Any CPU
		{468908C5-D80A-4999-9174-4D9EA8F1CD30}.Release|Any CPU.Build.0 = Release|Any CPU
		{468908C5-D80A-4999-9174-4D9EA8F1CD30}.Release|iPhone.ActiveCfg = Release|Any CPU
		{468908C5-D80A-4999-9174-4D9EA8F1CD30}.Release|iPhone.Build.0 = Release|Any CPU
		{468908C5-D80A-4999-9174-4D9EA8F1CD30}.Release|iPhoneSimulator.ActiveCfg = Release|Any CPU
		{468908C5-D80A-4999-9174-4D9EA8F1CD30}.Release|iPhoneSimulator.Build.0 = Release|Any CPU
		{468908C5-D80A-4999-9174-4D9EA8F1CD30}.Release|Mixed Platforms.ActiveCfg = Release|Any CPU
		{468908C5-D80A-4999-9174-4D9EA8F1CD30}.Release|Mixed Platforms.Build.0 = Release|Any CPU
		{468908C5-D80A-4999-9174-4D9EA8F1CD30}.Release|x86.ActiveCfg = Release|Any CPU
		{468908C5-D80A-4999-9174-4D9EA8F1CD30}.Release|x86.Build.0 = Release|Any CPU
		{734EAA48-F1CA-481A-B391-0285BC0E8B40}.Ad-Hoc|Any CPU.ActiveCfg = Release|Any CPU
		{734EAA48-F1CA-481A-B391-0285BC0E8B40}.Ad-Hoc|iPhone.ActiveCfg = Debug|Any CPU
		{734EAA48-F1CA-481A-B391-0285BC0E8B40}.Ad-Hoc|iPhone.Build.0 = Debug|Any CPU
		{734EAA48-F1CA-481A-B391-0285BC0E8B40}.Ad-Hoc|iPhoneSimulator.ActiveCfg = Release|Any CPU
		{734EAA48-F1CA-481A-B391-0285BC0E8B40}.Ad-Hoc|Mixed Platforms.ActiveCfg = Debug|Any CPU
		{734EAA48-F1CA-481A-B391-0285BC0E8B40}.Ad-Hoc|x86.ActiveCfg = Debug|Any CPU
		{734EAA48-F1CA-481A-B391-0285BC0E8B40}.AppStore|Any CPU.ActiveCfg = Release|Any CPU
		{734EAA48-F1CA-481A-B391-0285BC0E8B40}.AppStore|iPhone.ActiveCfg = Debug|Any CPU
		{734EAA48-F1CA-481A-B391-0285BC0E8B40}.AppStore|iPhone.Build.0 = Debug|Any CPU
		{734EAA48-F1CA-481A-B391-0285BC0E8B40}.AppStore|iPhoneSimulator.ActiveCfg = Release|Any CPU
		{734EAA48-F1CA-481A-B391-0285BC0E8B40}.AppStore|Mixed Platforms.ActiveCfg = Debug|Any CPU
		{734EAA48-F1CA-481A-B391-0285BC0E8B40}.AppStore|x86.ActiveCfg = Debug|Any CPU
		{734EAA48-F1CA-481A-B391-0285BC0E8B40}.Debug|Any CPU.ActiveCfg = Debug|Any CPU
		{734EAA48-F1CA-481A-B391-0285BC0E8B40}.Debug|Any CPU.Build.0 = Debug|Any CPU
		{734EAA48-F1CA-481A-B391-0285BC0E8B40}.Debug|iPhone.ActiveCfg = Debug|Any CPU
		{734EAA48-F1CA-481A-B391-0285BC0E8B40}.Debug|iPhone.Build.0 = Debug|Any CPU
		{734EAA48-F1CA-481A-B391-0285BC0E8B40}.Debug|iPhoneSimulator.ActiveCfg = Debug|Any CPU
		{734EAA48-F1CA-481A-B391-0285BC0E8B40}.Debug|iPhoneSimulator.Build.0 = Debug|Any CPU
		{734EAA48-F1CA-481A-B391-0285BC0E8B40}.Debug|Mixed Platforms.ActiveCfg = Debug|Any CPU
		{734EAA48-F1CA-481A-B391-0285BC0E8B40}.Debug|x86.ActiveCfg = Debug|Any CPU
		{734EAA48-F1CA-481A-B391-0285BC0E8B40}.Debug|x86.Build.0 = Debug|Any CPU
		{734EAA48-F1CA-481A-B391-0285BC0E8B40}.Release|Any CPU.ActiveCfg = Release|Any CPU
		{734EAA48-F1CA-481A-B391-0285BC0E8B40}.Release|Any CPU.Build.0 = Release|Any CPU
		{734EAA48-F1CA-481A-B391-0285BC0E8B40}.Release|iPhone.ActiveCfg = Release|Any CPU
		{734EAA48-F1CA-481A-B391-0285BC0E8B40}.Release|iPhone.Build.0 = Release|Any CPU
		{734EAA48-F1CA-481A-B391-0285BC0E8B40}.Release|iPhoneSimulator.ActiveCfg = Release|Any CPU
		{734EAA48-F1CA-481A-B391-0285BC0E8B40}.Release|iPhoneSimulator.Build.0 = Release|Any CPU
		{734EAA48-F1CA-481A-B391-0285BC0E8B40}.Release|Mixed Platforms.ActiveCfg = Release|Any CPU
		{734EAA48-F1CA-481A-B391-0285BC0E8B40}.Release|x86.ActiveCfg = Release|Any CPU
		{734EAA48-F1CA-481A-B391-0285BC0E8B40}.Release|x86.Build.0 = Release|Any CPU
		{B201C111-F231-4D4A-9500-DF2CA8D5FD33}.Ad-Hoc|Any CPU.ActiveCfg = Release|Any CPU
		{B201C111-F231-4D4A-9500-DF2CA8D5FD33}.Ad-Hoc|iPhone.ActiveCfg = Debug|Any CPU
		{B201C111-F231-4D4A-9500-DF2CA8D5FD33}.Ad-Hoc|iPhone.Build.0 = Debug|Any CPU
		{B201C111-F231-4D4A-9500-DF2CA8D5FD33}.Ad-Hoc|iPhoneSimulator.ActiveCfg = Release|Any CPU
		{B201C111-F231-4D4A-9500-DF2CA8D5FD33}.Ad-Hoc|Mixed Platforms.ActiveCfg = Debug|Any CPU
		{B201C111-F231-4D4A-9500-DF2CA8D5FD33}.Ad-Hoc|Mixed Platforms.Build.0 = Debug|Any CPU
		{B201C111-F231-4D4A-9500-DF2CA8D5FD33}.Ad-Hoc|x86.ActiveCfg = Debug|Any CPU
		{B201C111-F231-4D4A-9500-DF2CA8D5FD33}.AppStore|Any CPU.ActiveCfg = Release|Any CPU
		{B201C111-F231-4D4A-9500-DF2CA8D5FD33}.AppStore|iPhone.ActiveCfg = Debug|Any CPU
		{B201C111-F231-4D4A-9500-DF2CA8D5FD33}.AppStore|iPhone.Build.0 = Debug|Any CPU
		{B201C111-F231-4D4A-9500-DF2CA8D5FD33}.AppStore|iPhoneSimulator.ActiveCfg = Release|Any CPU
		{B201C111-F231-4D4A-9500-DF2CA8D5FD33}.AppStore|Mixed Platforms.ActiveCfg = Debug|Any CPU
		{B201C111-F231-4D4A-9500-DF2CA8D5FD33}.AppStore|Mixed Platforms.Build.0 = Debug|Any CPU
		{B201C111-F231-4D4A-9500-DF2CA8D5FD33}.AppStore|x86.ActiveCfg = Debug|Any CPU
		{B201C111-F231-4D4A-9500-DF2CA8D5FD33}.Debug|Any CPU.ActiveCfg = Debug|Any CPU
		{B201C111-F231-4D4A-9500-DF2CA8D5FD33}.Debug|Any CPU.Build.0 = Debug|Any CPU
		{B201C111-F231-4D4A-9500-DF2CA8D5FD33}.Debug|iPhone.ActiveCfg = Debug|Any CPU
		{B201C111-F231-4D4A-9500-DF2CA8D5FD33}.Debug|iPhone.Build.0 = Debug|Any CPU
		{B201C111-F231-4D4A-9500-DF2CA8D5FD33}.Debug|iPhoneSimulator.ActiveCfg = Debug|Any CPU
		{B201C111-F231-4D4A-9500-DF2CA8D5FD33}.Debug|iPhoneSimulator.Build.0 = Debug|Any CPU
		{B201C111-F231-4D4A-9500-DF2CA8D5FD33}.Debug|Mixed Platforms.ActiveCfg = Debug|Any CPU
		{B201C111-F231-4D4A-9500-DF2CA8D5FD33}.Debug|Mixed Platforms.Build.0 = Debug|Any CPU
		{B201C111-F231-4D4A-9500-DF2CA8D5FD33}.Debug|x86.ActiveCfg = Debug|Any CPU
		{B201C111-F231-4D4A-9500-DF2CA8D5FD33}.Debug|x86.Build.0 = Debug|Any CPU
		{B201C111-F231-4D4A-9500-DF2CA8D5FD33}.Release|Any CPU.ActiveCfg = Release|Any CPU
		{B201C111-F231-4D4A-9500-DF2CA8D5FD33}.Release|Any CPU.Build.0 = Release|Any CPU
		{B201C111-F231-4D4A-9500-DF2CA8D5FD33}.Release|iPhone.ActiveCfg = Release|Any CPU
		{B201C111-F231-4D4A-9500-DF2CA8D5FD33}.Release|iPhone.Build.0 = Release|Any CPU
		{B201C111-F231-4D4A-9500-DF2CA8D5FD33}.Release|iPhoneSimulator.ActiveCfg = Release|Any CPU
		{B201C111-F231-4D4A-9500-DF2CA8D5FD33}.Release|iPhoneSimulator.Build.0 = Release|Any CPU
		{B201C111-F231-4D4A-9500-DF2CA8D5FD33}.Release|Mixed Platforms.ActiveCfg = Release|Any CPU
		{B201C111-F231-4D4A-9500-DF2CA8D5FD33}.Release|Mixed Platforms.Build.0 = Release|Any CPU
		{B201C111-F231-4D4A-9500-DF2CA8D5FD33}.Release|x86.ActiveCfg = Release|Any CPU
		{B201C111-F231-4D4A-9500-DF2CA8D5FD33}.Release|x86.Build.0 = Release|Any CPU
		{DB8508BB-9849-4CC2-BC0F-8EB5DACB3C47}.Ad-Hoc|Any CPU.ActiveCfg = Release|iPhone
		{DB8508BB-9849-4CC2-BC0F-8EB5DACB3C47}.Ad-Hoc|iPhone.ActiveCfg = Debug|iPhone
		{DB8508BB-9849-4CC2-BC0F-8EB5DACB3C47}.Ad-Hoc|iPhone.Build.0 = Debug|iPhone
		{DB8508BB-9849-4CC2-BC0F-8EB5DACB3C47}.Ad-Hoc|iPhoneSimulator.ActiveCfg = Release|iPhoneSimulator
		{DB8508BB-9849-4CC2-BC0F-8EB5DACB3C47}.Ad-Hoc|Mixed Platforms.ActiveCfg = Debug|iPhoneSimulator
		{DB8508BB-9849-4CC2-BC0F-8EB5DACB3C47}.Ad-Hoc|x86.ActiveCfg = Debug|iPhoneSimulator
		{DB8508BB-9849-4CC2-BC0F-8EB5DACB3C47}.AppStore|Any CPU.ActiveCfg = Release|iPhone
		{DB8508BB-9849-4CC2-BC0F-8EB5DACB3C47}.AppStore|iPhone.ActiveCfg = Debug|iPhone
		{DB8508BB-9849-4CC2-BC0F-8EB5DACB3C47}.AppStore|iPhone.Build.0 = Debug|iPhone
		{DB8508BB-9849-4CC2-BC0F-8EB5DACB3C47}.AppStore|iPhoneSimulator.ActiveCfg = Release|iPhoneSimulator
		{DB8508BB-9849-4CC2-BC0F-8EB5DACB3C47}.AppStore|Mixed Platforms.ActiveCfg = Debug|iPhoneSimulator
		{DB8508BB-9849-4CC2-BC0F-8EB5DACB3C47}.AppStore|x86.ActiveCfg = Debug|iPhoneSimulator
		{DB8508BB-9849-4CC2-BC0F-8EB5DACB3C47}.Debug|Any CPU.ActiveCfg = Debug|iPhoneSimulator
		{DB8508BB-9849-4CC2-BC0F-8EB5DACB3C47}.Debug|Any CPU.Build.0 = Debug|iPhoneSimulator
		{DB8508BB-9849-4CC2-BC0F-8EB5DACB3C47}.Debug|iPhone.ActiveCfg = Debug|iPhone
		{DB8508BB-9849-4CC2-BC0F-8EB5DACB3C47}.Debug|iPhone.Build.0 = Debug|iPhone
		{DB8508BB-9849-4CC2-BC0F-8EB5DACB3C47}.Debug|iPhoneSimulator.ActiveCfg = Debug|iPhoneSimulator
		{DB8508BB-9849-4CC2-BC0F-8EB5DACB3C47}.Debug|iPhoneSimulator.Build.0 = Debug|iPhoneSimulator
		{DB8508BB-9849-4CC2-BC0F-8EB5DACB3C47}.Debug|Mixed Platforms.ActiveCfg = Debug|iPhoneSimulator
		{DB8508BB-9849-4CC2-BC0F-8EB5DACB3C47}.Debug|x86.ActiveCfg = Debug|iPhoneSimulator
		{DB8508BB-9849-4CC2-BC0F-8EB5DACB3C47}.Debug|x86.Build.0 = Debug|iPhoneSimulator
		{DB8508BB-9849-4CC2-BC0F-8EB5DACB3C47}.Release|Any CPU.ActiveCfg = Release|iPhoneSimulator
		{DB8508BB-9849-4CC2-BC0F-8EB5DACB3C47}.Release|Any CPU.Build.0 = Release|iPhoneSimulator
		{DB8508BB-9849-4CC2-BC0F-8EB5DACB3C47}.Release|iPhone.ActiveCfg = Release|iPhone
		{DB8508BB-9849-4CC2-BC0F-8EB5DACB3C47}.Release|iPhone.Build.0 = Release|iPhone
		{DB8508BB-9849-4CC2-BC0F-8EB5DACB3C47}.Release|iPhoneSimulator.ActiveCfg = Release|iPhoneSimulator
		{DB8508BB-9849-4CC2-BC0F-8EB5DACB3C47}.Release|iPhoneSimulator.Build.0 = Release|iPhoneSimulator
		{DB8508BB-9849-4CC2-BC0F-8EB5DACB3C47}.Release|Mixed Platforms.ActiveCfg = Release|iPhoneSimulator
		{DB8508BB-9849-4CC2-BC0F-8EB5DACB3C47}.Release|x86.ActiveCfg = Release|iPhoneSimulator
		{DB8508BB-9849-4CC2-BC0F-8EB5DACB3C47}.Release|x86.Build.0 = Release|iPhoneSimulator
	EndGlobalSection
	GlobalSection(NestedProjects) = preSolution
		{DB8508BB-9849-4CC2-BC0F-8EB5DACB3C47} = {A964C064-A3FA-45B5-B3EF-8CEBE06CFF01}
		{734EAA48-F1CA-481A-B391-0285BC0E8B40} = {A964C064-A3FA-45B5-B3EF-8CEBE06CFF01}
		{B201C111-F231-4D4A-9500-DF2CA8D5FD33} = {FB69FA1E-897E-49A6-99A2-39606EF1BE31}
		{2284583A-AE34-4E24-ACEA-B48181811457} = {E2D3D7D3-9F00-42ED-9658-F323EAC15C01}
		{24A681A6-C859-4ADE-AB69-A950AC03B28D} = {E39147F1-1B01-4C87-A088-7C3CDA46B8F5}
		{468908C5-D80A-4999-9174-4D9EA8F1CD30} = {E39147F1-1B01-4C87-A088-7C3CDA46B8F5}
	EndGlobalSection
	GlobalSection(MonoDevelopProperties) = preSolution
		StartupItem = Samples\Xpf.Mono.Samples.iOS\Xpf.Mono.Samples.iOS.csproj
		Policies = $0
		$0.DotNetNamingPolicy = $1
		$1.DirectoryNamespaceAssociation = None
		$1.ResourceNamePolicy = FileFormatDefault
		$0.TextStylePolicy = $2
		$2.FileWidth = 120
		$2.TabsToSpaces = False
		$2.EolMarker = Windows
		$2.inheritsSet = VisualStudio
		$2.inheritsScope = text/plain
		$2.scope = text/plain
	EndGlobalSection
	GlobalSection(SolutionProperties) = preSolution
		HideSolutionNode = FALSE
	EndGlobalSection
EndGlobal
