
Microsoft Visual Studio Solution File, Format Version 11.00
# Visual Studio 2010
Project("{FAE04EC0-301F-11D3-BF4B-00C04F79EFBC}") = "RedBadger.Xpf", "..\RedBadger.Xpf\RedBadger.Xpf.csproj", "{B72C465C-F710-4E8B-A10F-2DA339BE3B0D}"
EndProject
Project("{FAE04EC0-301F-11D3-BF4B-00C04F79EFBC}") = "RedBadger.Xpf.Specs", "..\RedBadger.Xpf.Specs\RedBadger.Xpf.Specs.csproj", "{B43239E7-0131-4DC9-9BAB-8904293BD869}"
EndProject
Project("{FAE04EC0-301F-11D3-BF4B-00C04F79EFBC}") = "RedBadger.Xpf.Adapters.Xna", "..\RedBadger.Xpf.Adapters.Xna\RedBadger.Xpf.Adapters.Xna.csproj", "{4C0C9785-D77C-4833-8B2F-4C20525D9B2D}"
EndProject
Project("{2150E333-8FDC-42A3-9474-1A3956D46DE8}") = "MonoGame", "MonoGame", "{84ABA093-7B95-481C-9B9B-0F204597FEAA}"
EndProject
Project("{2150E333-8FDC-42A3-9474-1A3956D46DE8}") = "Samples", "Samples", "{21200E8C-A3CE-4C14-91B5-B62BAEDC9AAD}"
EndProject
Project("{FAE04EC0-301F-11D3-BF4B-00C04F79EFBC}") = "MonoGame.Framework.Windows", "..\..\MonoGame\MonoGame.Framework\MonoGame.Framework.Windows.csproj", "{7DE47032-A904-4C29-BD22-2D235E8D91BA}"
EndProject
Global
	GlobalSection(SolutionConfigurationPlatforms) = preSolution
		Ad-Hoc|Any CPU = Ad-Hoc|Any CPU
		Ad-Hoc|iPhone = Ad-Hoc|iPhone
		Ad-Hoc|iPhoneSimulator = Ad-Hoc|iPhoneSimulator
		Ad-Hoc|Mixed Platforms = Ad-Hoc|Mixed Platforms
		Ad-Hoc|x86 = Ad-Hoc|x86
		AppStore|Any CPU = AppStore|Any CPU
		AppStore|iPhone = AppStore|iPhone
		AppStore|iPhoneSimulator = AppStore|iPhoneSimulator
		AppStore|Mixed Platforms = AppStore|Mixed Platforms
		AppStore|x86 = AppStore|x86
		Debug|Any CPU = Debug|Any CPU
		Debug|iPhone = Debug|iPhone
		Debug|iPhoneSimulator = Debug|iPhoneSimulator
		Debug|Mixed Platforms = Debug|Mixed Platforms
		Debug|x86 = Debug|x86
		Release|Any CPU = Release|Any CPU
		Release|iPhone = Release|iPhone
		Release|iPhoneSimulator = Release|iPhoneSimulator
		Release|Mixed Platforms = Release|Mixed Platforms
		Release|x86 = Release|x86
	EndGlobalSection
	GlobalSection(ProjectConfigurationPlatforms) = postSolution
		{B72C465C-F710-4E8B-A10F-2DA339BE3B0D}.Ad-Hoc|Any CPU.ActiveCfg = Release|x86
		{B72C465C-F710-4E8B-A10F-2DA339BE3B0D}.Ad-Hoc|iPhone.ActiveCfg = Debug|Any CPU
		{B72C465C-F710-4E8B-A10F-2DA339BE3B0D}.Ad-Hoc|iPhone.Build.0 = Debug|Any CPU
		{B72C465C-F710-4E8B-A10F-2DA339BE3B0D}.Ad-Hoc|iPhoneSimulator.ActiveCfg = Release|x86
		{B72C465C-F710-4E8B-A10F-2DA339BE3B0D}.Ad-Hoc|Mixed Platforms.ActiveCfg = Release|x86
		{B72C465C-F710-4E8B-A10F-2DA339BE3B0D}.Ad-Hoc|Mixed Platforms.Build.0 = Release|x86
		{B72C465C-F710-4E8B-A10F-2DA339BE3B0D}.Ad-Hoc|x86.ActiveCfg = Release|x86
		{B72C465C-F710-4E8B-A10F-2DA339BE3B0D}.AppStore|Any CPU.ActiveCfg = Release|x86
		{B72C465C-F710-4E8B-A10F-2DA339BE3B0D}.AppStore|iPhone.ActiveCfg = Debug|Any CPU
		{B72C465C-F710-4E8B-A10F-2DA339BE3B0D}.AppStore|iPhone.Build.0 = Debug|Any CPU
		{B72C465C-F710-4E8B-A10F-2DA339BE3B0D}.AppStore|iPhoneSimulator.ActiveCfg = Release|x86
		{B72C465C-F710-4E8B-A10F-2DA339BE3B0D}.AppStore|Mixed Platforms.ActiveCfg = Release|x86
		{B72C465C-F710-4E8B-A10F-2DA339BE3B0D}.AppStore|Mixed Platforms.Build.0 = Release|x86
		{B72C465C-F710-4E8B-A10F-2DA339BE3B0D}.AppStore|x86.ActiveCfg = Release|x86
		{B72C465C-F710-4E8B-A10F-2DA339BE3B0D}.Debug|Any CPU.ActiveCfg = Debug|Any CPU
		{B72C465C-F710-4E8B-A10F-2DA339BE3B0D}.Debug|Any CPU.Build.0 = Debug|Any CPU
		{B72C465C-F710-4E8B-A10F-2DA339BE3B0D}.Debug|iPhone.ActiveCfg = Debug|Any CPU
		{B72C465C-F710-4E8B-A10F-2DA339BE3B0D}.Debug|iPhone.Build.0 = Debug|Any CPU
		{B72C465C-F710-4E8B-A10F-2DA339BE3B0D}.Debug|iPhoneSimulator.ActiveCfg = Debug|Any CPU
		{B72C465C-F710-4E8B-A10F-2DA339BE3B0D}.Debug|iPhoneSimulator.Build.0 = Debug|Any CPU
		{B72C465C-F710-4E8B-A10F-2DA339BE3B0D}.Debug|Mixed Platforms.ActiveCfg = Debug|x86
		{B72C465C-F710-4E8B-A10F-2DA339BE3B0D}.Debug|Mixed Platforms.Build.0 = Debug|x86
		{B72C465C-F710-4E8B-A10F-2DA339BE3B0D}.Debug|x86.ActiveCfg = Debug|x86
		{B72C465C-F710-4E8B-A10F-2DA339BE3B0D}.Debug|x86.Build.0 = Debug|x86
		{B72C465C-F710-4E8B-A10F-2DA339BE3B0D}.Release|Any CPU.ActiveCfg = Release|Any CPU
		{B72C465C-F710-4E8B-A10F-2DA339BE3B0D}.Release|Any CPU.Build.0 = Release|Any CPU
		{B72C465C-F710-4E8B-A10F-2DA339BE3B0D}.Release|iPhone.ActiveCfg = Release|Any CPU
		{B72C465C-F710-4E8B-A10F-2DA339BE3B0D}.Release|iPhone.Build.0 = Release|Any CPU
		{B72C465C-F710-4E8B-A10F-2DA339BE3B0D}.Release|iPhoneSimulator.ActiveCfg = Release|Any CPU
		{B72C465C-F710-4E8B-A10F-2DA339BE3B0D}.Release|iPhoneSimulator.Build.0 = Release|Any CPU
		{B72C465C-F710-4E8B-A10F-2DA339BE3B0D}.Release|Mixed Platforms.ActiveCfg = Release|x86
		{B72C465C-F710-4E8B-A10F-2DA339BE3B0D}.Release|Mixed Platforms.Build.0 = Release|x86
		{B72C465C-F710-4E8B-A10F-2DA339BE3B0D}.Release|x86.ActiveCfg = Release|x86
		{B72C465C-F710-4E8B-A10F-2DA339BE3B0D}.Release|x86.Build.0 = Release|x86
		{B43239E7-0131-4DC9-9BAB-8904293BD869}.Ad-Hoc|Any CPU.ActiveCfg = Release|x86
		{B43239E7-0131-4DC9-9BAB-8904293BD869}.Ad-Hoc|iPhone.ActiveCfg = Debug|Any CPU
		{B43239E7-0131-4DC9-9BAB-8904293BD869}.Ad-Hoc|iPhone.Build.0 = Debug|Any CPU
		{B43239E7-0131-4DC9-9BAB-8904293BD869}.Ad-Hoc|iPhoneSimulator.ActiveCfg = Release|x86
		{B43239E7-0131-4DC9-9BAB-8904293BD869}.Ad-Hoc|Mixed Platforms.ActiveCfg = Release|x86
		{B43239E7-0131-4DC9-9BAB-8904293BD869}.Ad-Hoc|Mixed Platforms.Build.0 = Release|x86
		{B43239E7-0131-4DC9-9BAB-8904293BD869}.Ad-Hoc|x86.ActiveCfg = Release|x86
		{B43239E7-0131-4DC9-9BAB-8904293BD869}.AppStore|Any CPU.ActiveCfg = Release|x86
		{B43239E7-0131-4DC9-9BAB-8904293BD869}.AppStore|iPhone.ActiveCfg = Debug|Any CPU
		{B43239E7-0131-4DC9-9BAB-8904293BD869}.AppStore|iPhone.Build.0 = Debug|Any CPU
		{B43239E7-0131-4DC9-9BAB-8904293BD869}.AppStore|iPhoneSimulator.ActiveCfg = Release|x86
		{B43239E7-0131-4DC9-9BAB-8904293BD869}.AppStore|Mixed Platforms.ActiveCfg = Release|x86
		{B43239E7-0131-4DC9-9BAB-8904293BD869}.AppStore|Mixed Platforms.Build.0 = Release|x86
		{B43239E7-0131-4DC9-9BAB-8904293BD869}.AppStore|x86.ActiveCfg = Release|x86
		{B43239E7-0131-4DC9-9BAB-8904293BD869}.Debug|Any CPU.ActiveCfg = Debug|Any CPU
		{B43239E7-0131-4DC9-9BAB-8904293BD869}.Debug|Any CPU.Build.0 = Debug|Any CPU
		{B43239E7-0131-4DC9-9BAB-8904293BD869}.Debug|iPhone.ActiveCfg = Debug|Any CPU
		{B43239E7-0131-4DC9-9BAB-8904293BD869}.Debug|iPhone.Build.0 = Debug|Any CPU
		{B43239E7-0131-4DC9-9BAB-8904293BD869}.Debug|iPhoneSimulator.ActiveCfg = Debug|Any CPU
		{B43239E7-0131-4DC9-9BAB-8904293BD869}.Debug|iPhoneSimulator.Build.0 = Debug|Any CPU
		{B43239E7-0131-4DC9-9BAB-8904293BD869}.Debug|Mixed Platforms.ActiveCfg = Debug|x86
		{B43239E7-0131-4DC9-9BAB-8904293BD869}.Debug|Mixed Platforms.Build.0 = Debug|x86
		{B43239E7-0131-4DC9-9BAB-8904293BD869}.Debug|x86.ActiveCfg = Debug|x86
		{B43239E7-0131-4DC9-9BAB-8904293BD869}.Debug|x86.Build.0 = Debug|x86
		{B43239E7-0131-4DC9-9BAB-8904293BD869}.Release|Any CPU.ActiveCfg = Release|Any CPU
		{B43239E7-0131-4DC9-9BAB-8904293BD869}.Release|Any CPU.Build.0 = Release|Any CPU
		{B43239E7-0131-4DC9-9BAB-8904293BD869}.Release|iPhone.ActiveCfg = Release|Any CPU
		{B43239E7-0131-4DC9-9BAB-8904293BD869}.Release|iPhone.Build.0 = Release|Any CPU
		{B43239E7-0131-4DC9-9BAB-8904293BD869}.Release|iPhoneSimulator.ActiveCfg = Release|Any CPU
		{B43239E7-0131-4DC9-9BAB-8904293BD869}.Release|iPhoneSimulator.Build.0 = Release|Any CPU
		{B43239E7-0131-4DC9-9BAB-8904293BD869}.Release|Mixed Platforms.ActiveCfg = Release|x86
		{B43239E7-0131-4DC9-9BAB-8904293BD869}.Release|Mixed Platforms.Build.0 = Release|x86
		{B43239E7-0131-4DC9-9BAB-8904293BD869}.Release|x86.ActiveCfg = Release|x86
		{B43239E7-0131-4DC9-9BAB-8904293BD869}.Release|x86.Build.0 = Release|x86
		{4C0C9785-D77C-4833-8B2F-4C20525D9B2D}.Ad-Hoc|Any CPU.ActiveCfg = Release|x86
		{4C0C9785-D77C-4833-8B2F-4C20525D9B2D}.Ad-Hoc|iPhone.ActiveCfg = Debug|x86
		{4C0C9785-D77C-4833-8B2F-4C20525D9B2D}.Ad-Hoc|iPhone.Build.0 = Debug|x86
		{4C0C9785-D77C-4833-8B2F-4C20525D9B2D}.Ad-Hoc|iPhoneSimulator.ActiveCfg = Release|x86
		{4C0C9785-D77C-4833-8B2F-4C20525D9B2D}.Ad-Hoc|Mixed Platforms.ActiveCfg = Release|x86
		{4C0C9785-D77C-4833-8B2F-4C20525D9B2D}.Ad-Hoc|Mixed Platforms.Build.0 = Release|x86
		{4C0C9785-D77C-4833-8B2F-4C20525D9B2D}.Ad-Hoc|x86.ActiveCfg = Release|x86
		{4C0C9785-D77C-4833-8B2F-4C20525D9B2D}.AppStore|Any CPU.ActiveCfg = Release|x86
		{4C0C9785-D77C-4833-8B2F-4C20525D9B2D}.AppStore|iPhone.ActiveCfg = Debug|x86
		{4C0C9785-D77C-4833-8B2F-4C20525D9B2D}.AppStore|iPhone.Build.0 = Debug|x86
		{4C0C9785-D77C-4833-8B2F-4C20525D9B2D}.AppStore|iPhoneSimulator.ActiveCfg = Release|x86
		{4C0C9785-D77C-4833-8B2F-4C20525D9B2D}.AppStore|Mixed Platforms.ActiveCfg = Release|x86
		{4C0C9785-D77C-4833-8B2F-4C20525D9B2D}.AppStore|Mixed Platforms.Build.0 = Release|x86
		{4C0C9785-D77C-4833-8B2F-4C20525D9B2D}.AppStore|x86.ActiveCfg = Release|x86
		{4C0C9785-D77C-4833-8B2F-4C20525D9B2D}.Debug|Any CPU.ActiveCfg = Debug|x86
		{4C0C9785-D77C-4833-8B2F-4C20525D9B2D}.Debug|Any CPU.Build.0 = Debug|x86
		{4C0C9785-D77C-4833-8B2F-4C20525D9B2D}.Debug|iPhone.ActiveCfg = Debug|x86
		{4C0C9785-D77C-4833-8B2F-4C20525D9B2D}.Debug|iPhone.Build.0 = Debug|x86
		{4C0C9785-D77C-4833-8B2F-4C20525D9B2D}.Debug|iPhoneSimulator.ActiveCfg = Debug|x86
		{4C0C9785-D77C-4833-8B2F-4C20525D9B2D}.Debug|iPhoneSimulator.Build.0 = Debug|x86
		{4C0C9785-D77C-4833-8B2F-4C20525D9B2D}.Debug|Mixed Platforms.ActiveCfg = Debug|x86
		{4C0C9785-D77C-4833-8B2F-4C20525D9B2D}.Debug|Mixed Platforms.Build.0 = Debug|x86
		{4C0C9785-D77C-4833-8B2F-4C20525D9B2D}.Debug|x86.ActiveCfg = Debug|x86
		{4C0C9785-D77C-4833-8B2F-4C20525D9B2D}.Debug|x86.Build.0 = Debug|x86
		{4C0C9785-D77C-4833-8B2F-4C20525D9B2D}.Release|Any CPU.ActiveCfg = Release|x86
		{4C0C9785-D77C-4833-8B2F-4C20525D9B2D}.Release|Any CPU.Build.0 = Release|x86
		{4C0C9785-D77C-4833-8B2F-4C20525D9B2D}.Release|iPhone.ActiveCfg = Release|x86
		{4C0C9785-D77C-4833-8B2F-4C20525D9B2D}.Release|iPhone.Build.0 = Release|x86
		{4C0C9785-D77C-4833-8B2F-4C20525D9B2D}.Release|iPhoneSimulator.ActiveCfg = Release|x86
		{4C0C9785-D77C-4833-8B2F-4C20525D9B2D}.Release|iPhoneSimulator.Build.0 = Release|x86
		{4C0C9785-D77C-4833-8B2F-4C20525D9B2D}.Release|Mixed Platforms.ActiveCfg = Release|x86
		{4C0C9785-D77C-4833-8B2F-4C20525D9B2D}.Release|Mixed Platforms.Build.0 = Release|x86
		{4C0C9785-D77C-4833-8B2F-4C20525D9B2D}.Release|x86.ActiveCfg = Release|x86
		{4C0C9785-D77C-4833-8B2F-4C20525D9B2D}.Release|x86.Build.0 = Release|x86
		{7DE47032-A904-4C29-BD22-2D235E8D91BA}.Ad-Hoc|Any CPU.ActiveCfg = Release|Any CPU
		{7DE47032-A904-4C29-BD22-2D235E8D91BA}.Ad-Hoc|Any CPU.Build.0 = Release|Any CPU
		{7DE47032-A904-4C29-BD22-2D235E8D91BA}.Ad-Hoc|iPhone.ActiveCfg = Release|Any CPU
		{7DE47032-A904-4C29-BD22-2D235E8D91BA}.Ad-Hoc|iPhoneSimulator.ActiveCfg = Release|Any CPU
		{7DE47032-A904-4C29-BD22-2D235E8D91BA}.Ad-Hoc|Mixed Platforms.ActiveCfg = Release|Any CPU
		{7DE47032-A904-4C29-BD22-2D235E8D91BA}.Ad-Hoc|Mixed Platforms.Build.0 = Release|Any CPU
		{7DE47032-A904-4C29-BD22-2D235E8D91BA}.Ad-Hoc|x86.ActiveCfg = Release|Any CPU
		{7DE47032-A904-4C29-BD22-2D235E8D91BA}.AppStore|Any CPU.ActiveCfg = Release|Any CPU
		{7DE47032-A904-4C29-BD22-2D235E8D91BA}.AppStore|Any CPU.Build.0 = Release|Any CPU
		{7DE47032-A904-4C29-BD22-2D235E8D91BA}.AppStore|iPhone.ActiveCfg = Release|Any CPU
		{7DE47032-A904-4C29-BD22-2D235E8D91BA}.AppStore|iPhoneSimulator.ActiveCfg = Release|Any CPU
		{7DE47032-A904-4C29-BD22-2D235E8D91BA}.AppStore|Mixed Platforms.ActiveCfg = Release|Any CPU
		{7DE47032-A904-4C29-BD22-2D235E8D91BA}.AppStore|Mixed Platforms.Build.0 = Release|Any CPU
		{7DE47032-A904-4C29-BD22-2D235E8D91BA}.AppStore|x86.ActiveCfg = Release|Any CPU
		{7DE47032-A904-4C29-BD22-2D235E8D91BA}.Debug|Any CPU.ActiveCfg = Debug|Any CPU
		{7DE47032-A904-4C29-BD22-2D235E8D91BA}.Debug|Any CPU.Build.0 = Debug|Any CPU
		{7DE47032-A904-4C29-BD22-2D235E8D91BA}.Debug|iPhone.ActiveCfg = Debug|Any CPU
		{7DE47032-A904-4C29-BD22-2D235E8D91BA}.Debug|iPhoneSimulator.ActiveCfg = Debug|Any CPU
		{7DE47032-A904-4C29-BD22-2D235E8D91BA}.Debug|Mixed Platforms.ActiveCfg = Debug|Any CPU
		{7DE47032-A904-4C29-BD22-2D235E8D91BA}.Debug|Mixed Platforms.Build.0 = Debug|Any CPU
		{7DE47032-A904-4C29-BD22-2D235E8D91BA}.Debug|x86.ActiveCfg = Debug|Any CPU
		{7DE47032-A904-4C29-BD22-2D235E8D91BA}.Release|Any CPU.ActiveCfg = Release|Any CPU
		{7DE47032-A904-4C29-BD22-2D235E8D91BA}.Release|Any CPU.Build.0 = Release|Any CPU
		{7DE47032-A904-4C29-BD22-2D235E8D91BA}.Release|iPhone.ActiveCfg = Release|Any CPU
		{7DE47032-A904-4C29-BD22-2D235E8D91BA}.Release|iPhoneSimulator.ActiveCfg = Release|Any CPU
		{7DE47032-A904-4C29-BD22-2D235E8D91BA}.Release|Mixed Platforms.ActiveCfg = Release|Any CPU
		{7DE47032-A904-4C29-BD22-2D235E8D91BA}.Release|Mixed Platforms.Build.0 = Release|Any CPU
		{7DE47032-A904-4C29-BD22-2D235E8D91BA}.Release|x86.ActiveCfg = Release|Any CPU
	EndGlobalSection
	GlobalSection(SolutionProperties) = preSolution
		HideSolutionNode = FALSE
	EndGlobalSection
	GlobalSection(NestedProjects) = preSolution
		{7DE47032-A904-4C29-BD22-2D235E8D91BA} = {84ABA093-7B95-481C-9B9B-0F204597FEAA}
	EndGlobalSection
	GlobalSection(MonoDevelopProperties) = preSolution
		StartupItem = ..\RedBadger.Xpf\RedBadger.Xpf.csproj
	EndGlobalSection
EndGlobal
