
Microsoft Visual Studio Solution File, Format Version 12.00
# Visual Studio 2012
Project("{FAE04EC0-301F-11D3-BF4B-00C04F79EFBC}") = "RedBadger.Xpf.Android", "..\RedBadger.Xpf\RedBadger.Xpf.Android.csproj", "{A8AA2620-573F-4C92-B164-3D42707CEE95}"
EndProject
Project("{FAE04EC0-301F-11D3-BF4B-00C04F79EFBC}") = "RedBadger.Xpf.Adapters.Xna.Android", "..\RedBadger.Xpf.Adapters.Xna\RedBadger.Xpf.Adapters.Xna.Android.csproj", "{09C35691-1D45-433A-9D18-E0877660C2A8}"
EndProject
Project("{2150E333-8FDC-42A3-9474-1A3956D46DE8}") = "MonoGame", "MonoGame", "{3958EC75-485C-4ED3-A70C-643BE3F61D6C}"
EndProject
Project("{FAE04EC0-301F-11D3-BF4B-00C04F79EFBC}") = "Lidgren.Network.Android", "..\..\MonoGame\ThirdParty\Lidgren.Network\Lidgren.Network.Android.csproj", "{565129E0-4EE5-4F6F-B403-C3484C9740BE}"
EndProject
Project("{FAE04EC0-301F-11D3-BF4B-00C04F79EFBC}") = "MonoGame.Framework.Android", "..\..\MonoGame\MonoGame.Framework\MonoGame.Framework.Android.csproj", "{BA9476CF-99BA-4D03-92F2-73D2C5E58883}"
EndProject
Project("{2150E333-8FDC-42A3-9474-1A3956D46DE8}") = "rx", "rx", "{655EF23B-A670-47E2-B0D9-E97510F30064}"
EndProject
Project("{FAE04EC0-301F-11D3-BF4B-00C04F79EFBC}") = "rx-monodroid", "..\..\Rx-MonoTouch\rx-monodroid.csproj", "{3EEF7A01-8F0C-45ED-8431-7E9827E1A544}"
EndProject
Project("{2150E333-8FDC-42A3-9474-1A3956D46DE8}") = "Samples", "Samples", "{DC6BC74D-B959-45A4-B50E-5465FF6928F3}"
EndProject
Project("{FAE04EC0-301F-11D3-BF4B-00C04F79EFBC}") = "Xpf.Mono.Samples.Android", "Samples\Xpf.Mono.Samples.Android\Xpf.Mono.Samples.Android.csproj", "{EA2D9327-1476-4861-85FA-F702F8540183}"
EndProject
Project("{2150E333-8FDC-42A3-9474-1A3956D46DE8}") = "Content", "Content", "{6FFB31A3-8E6F-4AB4-87E9-713D0C9CDD18}"
EndProject
Global
	GlobalSection(SolutionConfigurationPlatforms) = preSolution
		Android|Any CPU = Android|Any CPU
		Debug|Any CPU = Debug|Any CPU
		iOS|Any CPU = iOS|Any CPU
		Linux|Any CPU = Linux|Any CPU
		OSX|Any CPU = OSX|Any CPU
		PSM|Any CPU = PSM|Any CPU
		Release|Any CPU = Release|Any CPU
		Windows|Any CPU = Windows|Any CPU
		Windows8|Any CPU = Windows8|Any CPU
	EndGlobalSection
	GlobalSection(ProjectConfigurationPlatforms) = postSolution
		{A8AA2620-573F-4C92-B164-3D42707CEE95}.Android|Any CPU.ActiveCfg = Release|Any CPU
		{A8AA2620-573F-4C92-B164-3D42707CEE95}.Android|Any CPU.Build.0 = Release|Any CPU
		{A8AA2620-573F-4C92-B164-3D42707CEE95}.Debug|Any CPU.ActiveCfg = Debug|Any CPU
		{A8AA2620-573F-4C92-B164-3D42707CEE95}.Debug|Any CPU.Build.0 = Debug|Any CPU
		{A8AA2620-573F-4C92-B164-3D42707CEE95}.iOS|Any CPU.ActiveCfg = Release|Any CPU
		{A8AA2620-573F-4C92-B164-3D42707CEE95}.iOS|Any CPU.Build.0 = Release|Any CPU
		{A8AA2620-573F-4C92-B164-3D42707CEE95}.Linux|Any CPU.ActiveCfg = Release|Any CPU
		{A8AA2620-573F-4C92-B164-3D42707CEE95}.Linux|Any CPU.Build.0 = Release|Any CPU
		{A8AA2620-573F-4C92-B164-3D42707CEE95}.OSX|Any CPU.ActiveCfg = Release|Any CPU
		{A8AA2620-573F-4C92-B164-3D42707CEE95}.OSX|Any CPU.Build.0 = Release|Any CPU
		{A8AA2620-573F-4C92-B164-3D42707CEE95}.PSM|Any CPU.ActiveCfg = Release|Any CPU
		{A8AA2620-573F-4C92-B164-3D42707CEE95}.PSM|Any CPU.Build.0 = Release|Any CPU
		{A8AA2620-573F-4C92-B164-3D42707CEE95}.Release|Any CPU.ActiveCfg = Release|Any CPU
		{A8AA2620-573F-4C92-B164-3D42707CEE95}.Release|Any CPU.Build.0 = Release|Any CPU
		{A8AA2620-573F-4C92-B164-3D42707CEE95}.Windows|Any CPU.ActiveCfg = Release|Any CPU
		{A8AA2620-573F-4C92-B164-3D42707CEE95}.Windows|Any CPU.Build.0 = Release|Any CPU
		{A8AA2620-573F-4C92-B164-3D42707CEE95}.Windows8|Any CPU.ActiveCfg = Release|Any CPU
		{A8AA2620-573F-4C92-B164-3D42707CEE95}.Windows8|Any CPU.Build.0 = Release|Any CPU
		{09C35691-1D45-433A-9D18-E0877660C2A8}.Android|Any CPU.ActiveCfg = Release|Any CPU
		{09C35691-1D45-433A-9D18-E0877660C2A8}.Android|Any CPU.Build.0 = Release|Any CPU
		{09C35691-1D45-433A-9D18-E0877660C2A8}.Debug|Any CPU.ActiveCfg = Debug|Any CPU
		{09C35691-1D45-433A-9D18-E0877660C2A8}.Debug|Any CPU.Build.0 = Debug|Any CPU
		{09C35691-1D45-433A-9D18-E0877660C2A8}.iOS|Any CPU.ActiveCfg = Release|Any CPU
		{09C35691-1D45-433A-9D18-E0877660C2A8}.iOS|Any CPU.Build.0 = Release|Any CPU
		{09C35691-1D45-433A-9D18-E0877660C2A8}.Linux|Any CPU.ActiveCfg = Release|Any CPU
		{09C35691-1D45-433A-9D18-E0877660C2A8}.Linux|Any CPU.Build.0 = Release|Any CPU
		{09C35691-1D45-433A-9D18-E0877660C2A8}.OSX|Any CPU.ActiveCfg = Release|Any CPU
		{09C35691-1D45-433A-9D18-E0877660C2A8}.OSX|Any CPU.Build.0 = Release|Any CPU
		{09C35691-1D45-433A-9D18-E0877660C2A8}.PSM|Any CPU.ActiveCfg = Release|Any CPU
		{09C35691-1D45-433A-9D18-E0877660C2A8}.PSM|Any CPU.Build.0 = Release|Any CPU
		{09C35691-1D45-433A-9D18-E0877660C2A8}.Release|Any CPU.ActiveCfg = Release|Any CPU
		{09C35691-1D45-433A-9D18-E0877660C2A8}.Release|Any CPU.Build.0 = Release|Any CPU
		{09C35691-1D45-433A-9D18-E0877660C2A8}.Windows|Any CPU.ActiveCfg = Release|Any CPU
		{09C35691-1D45-433A-9D18-E0877660C2A8}.Windows|Any CPU.Build.0 = Release|Any CPU
		{09C35691-1D45-433A-9D18-E0877660C2A8}.Windows8|Any CPU.ActiveCfg = Release|Any CPU
		{09C35691-1D45-433A-9D18-E0877660C2A8}.Windows8|Any CPU.Build.0 = Release|Any CPU
		{565129E0-4EE5-4F6F-B403-C3484C9740BE}.Android|Any CPU.ActiveCfg = Release|Any CPU
		{565129E0-4EE5-4F6F-B403-C3484C9740BE}.Android|Any CPU.Build.0 = Release|Any CPU
		{565129E0-4EE5-4F6F-B403-C3484C9740BE}.Debug|Any CPU.ActiveCfg = Debug|Any CPU
		{565129E0-4EE5-4F6F-B403-C3484C9740BE}.Debug|Any CPU.Build.0 = Debug|Any CPU
		{565129E0-4EE5-4F6F-B403-C3484C9740BE}.iOS|Any CPU.ActiveCfg = Release|Any CPU
		{565129E0-4EE5-4F6F-B403-C3484C9740BE}.iOS|Any CPU.Build.0 = Release|Any CPU
		{565129E0-4EE5-4F6F-B403-C3484C9740BE}.Linux|Any CPU.ActiveCfg = Release|Any CPU
		{565129E0-4EE5-4F6F-B403-C3484C9740BE}.Linux|Any CPU.Build.0 = Release|Any CPU
		{565129E0-4EE5-4F6F-B403-C3484C9740BE}.OSX|Any CPU.ActiveCfg = Release|Any CPU
		{565129E0-4EE5-4F6F-B403-C3484C9740BE}.OSX|Any CPU.Build.0 = Release|Any CPU
		{565129E0-4EE5-4F6F-B403-C3484C9740BE}.PSM|Any CPU.ActiveCfg = Release|Any CPU
		{565129E0-4EE5-4F6F-B403-C3484C9740BE}.PSM|Any CPU.Build.0 = Release|Any CPU
		{565129E0-4EE5-4F6F-B403-C3484C9740BE}.Release|Any CPU.ActiveCfg = Release|Any CPU
		{565129E0-4EE5-4F6F-B403-C3484C9740BE}.Release|Any CPU.Build.0 = Release|Any CPU
		{565129E0-4EE5-4F6F-B403-C3484C9740BE}.Windows|Any CPU.ActiveCfg = Release|Any CPU
		{565129E0-4EE5-4F6F-B403-C3484C9740BE}.Windows|Any CPU.Build.0 = Release|Any CPU
		{565129E0-4EE5-4F6F-B403-C3484C9740BE}.Windows8|Any CPU.ActiveCfg = Release|Any CPU
		{565129E0-4EE5-4F6F-B403-C3484C9740BE}.Windows8|Any CPU.Build.0 = Release|Any CPU
		{BA9476CF-99BA-4D03-92F2-73D2C5E58883}.Android|Any CPU.ActiveCfg = Release|Any CPU
		{BA9476CF-99BA-4D03-92F2-73D2C5E58883}.Android|Any CPU.Build.0 = Release|Any CPU
		{BA9476CF-99BA-4D03-92F2-73D2C5E58883}.Debug|Any CPU.ActiveCfg = Debug|Any CPU
		{BA9476CF-99BA-4D03-92F2-73D2C5E58883}.Debug|Any CPU.Build.0 = Debug|Any CPU
		{BA9476CF-99BA-4D03-92F2-73D2C5E58883}.iOS|Any CPU.ActiveCfg = Release|Any CPU
		{BA9476CF-99BA-4D03-92F2-73D2C5E58883}.iOS|Any CPU.Build.0 = Release|Any CPU
		{BA9476CF-99BA-4D03-92F2-73D2C5E58883}.Linux|Any CPU.ActiveCfg = Release|Any CPU
		{BA9476CF-99BA-4D03-92F2-73D2C5E58883}.Linux|Any CPU.Build.0 = Release|Any CPU
		{BA9476CF-99BA-4D03-92F2-73D2C5E58883}.OSX|Any CPU.ActiveCfg = Release|Any CPU
		{BA9476CF-99BA-4D03-92F2-73D2C5E58883}.OSX|Any CPU.Build.0 = Release|Any CPU
		{BA9476CF-99BA-4D03-92F2-73D2C5E58883}.PSM|Any CPU.ActiveCfg = Release|Any CPU
		{BA9476CF-99BA-4D03-92F2-73D2C5E58883}.PSM|Any CPU.Build.0 = Release|Any CPU
		{BA9476CF-99BA-4D03-92F2-73D2C5E58883}.Release|Any CPU.ActiveCfg = Release|Any CPU
		{BA9476CF-99BA-4D03-92F2-73D2C5E58883}.Release|Any CPU.Build.0 = Release|Any CPU
		{BA9476CF-99BA-4D03-92F2-73D2C5E58883}.Windows|Any CPU.ActiveCfg = Release|Any CPU
		{BA9476CF-99BA-4D03-92F2-73D2C5E58883}.Windows|Any CPU.Build.0 = Release|Any CPU
		{BA9476CF-99BA-4D03-92F2-73D2C5E58883}.Windows8|Any CPU.ActiveCfg = Release|Any CPU
		{BA9476CF-99BA-4D03-92F2-73D2C5E58883}.Windows8|Any CPU.Build.0 = Release|Any CPU
		{3EEF7A01-8F0C-45ED-8431-7E9827E1A544}.Android|Any CPU.ActiveCfg = Release|Any CPU
		{3EEF7A01-8F0C-45ED-8431-7E9827E1A544}.Android|Any CPU.Build.0 = Release|Any CPU
		{3EEF7A01-8F0C-45ED-8431-7E9827E1A544}.Debug|Any CPU.ActiveCfg = Debug|Any CPU
		{3EEF7A01-8F0C-45ED-8431-7E9827E1A544}.Debug|Any CPU.Build.0 = Debug|Any CPU
		{3EEF7A01-8F0C-45ED-8431-7E9827E1A544}.iOS|Any CPU.ActiveCfg = Release|Any CPU
		{3EEF7A01-8F0C-45ED-8431-7E9827E1A544}.iOS|Any CPU.Build.0 = Release|Any CPU
		{3EEF7A01-8F0C-45ED-8431-7E9827E1A544}.Linux|Any CPU.ActiveCfg = Release|Any CPU
		{3EEF7A01-8F0C-45ED-8431-7E9827E1A544}.Linux|Any CPU.Build.0 = Release|Any CPU
		{3EEF7A01-8F0C-45ED-8431-7E9827E1A544}.OSX|Any CPU.ActiveCfg = Release|Any CPU
		{3EEF7A01-8F0C-45ED-8431-7E9827E1A544}.OSX|Any CPU.Build.0 = Release|Any CPU
		{3EEF7A01-8F0C-45ED-8431-7E9827E1A544}.PSM|Any CPU.ActiveCfg = Release|Any CPU
		{3EEF7A01-8F0C-45ED-8431-7E9827E1A544}.PSM|Any CPU.Build.0 = Release|Any CPU
		{3EEF7A01-8F0C-45ED-8431-7E9827E1A544}.Release|Any CPU.ActiveCfg = Release|Any CPU
		{3EEF7A01-8F0C-45ED-8431-7E9827E1A544}.Release|Any CPU.Build.0 = Release|Any CPU
		{3EEF7A01-8F0C-45ED-8431-7E9827E1A544}.Windows|Any CPU.ActiveCfg = Release|Any CPU
		{3EEF7A01-8F0C-45ED-8431-7E9827E1A544}.Windows|Any CPU.Build.0 = Release|Any CPU
		{3EEF7A01-8F0C-45ED-8431-7E9827E1A544}.Windows8|Any CPU.ActiveCfg = Release|Any CPU
		{3EEF7A01-8F0C-45ED-8431-7E9827E1A544}.Windows8|Any CPU.Build.0 = Release|Any CPU
		{EA2D9327-1476-4861-85FA-F702F8540183}.Android|Any CPU.ActiveCfg = Release|Any CPU
		{EA2D9327-1476-4861-85FA-F702F8540183}.Android|Any CPU.Build.0 = Release|Any CPU
		{EA2D9327-1476-4861-85FA-F702F8540183}.Android|Any CPU.Deploy.0 = Release|Any CPU
		{EA2D9327-1476-4861-85FA-F702F8540183}.Debug|Any CPU.ActiveCfg = Debug|Any CPU
		{EA2D9327-1476-4861-85FA-F702F8540183}.Debug|Any CPU.Build.0 = Debug|Any CPU
		{EA2D9327-1476-4861-85FA-F702F8540183}.Debug|Any CPU.Deploy.0 = Debug|Any CPU
		{EA2D9327-1476-4861-85FA-F702F8540183}.iOS|Any CPU.ActiveCfg = Release|Any CPU
		{EA2D9327-1476-4861-85FA-F702F8540183}.iOS|Any CPU.Build.0 = Release|Any CPU
		{EA2D9327-1476-4861-85FA-F702F8540183}.iOS|Any CPU.Deploy.0 = Release|Any CPU
		{EA2D9327-1476-4861-85FA-F702F8540183}.Linux|Any CPU.ActiveCfg = Release|Any CPU
		{EA2D9327-1476-4861-85FA-F702F8540183}.Linux|Any CPU.Build.0 = Release|Any CPU
		{EA2D9327-1476-4861-85FA-F702F8540183}.Linux|Any CPU.Deploy.0 = Release|Any CPU
		{EA2D9327-1476-4861-85FA-F702F8540183}.OSX|Any CPU.ActiveCfg = Release|Any CPU
		{EA2D9327-1476-4861-85FA-F702F8540183}.OSX|Any CPU.Build.0 = Release|Any CPU
		{EA2D9327-1476-4861-85FA-F702F8540183}.OSX|Any CPU.Deploy.0 = Release|Any CPU
		{EA2D9327-1476-4861-85FA-F702F8540183}.PSM|Any CPU.ActiveCfg = Release|Any CPU
		{EA2D9327-1476-4861-85FA-F702F8540183}.PSM|Any CPU.Build.0 = Release|Any CPU
		{EA2D9327-1476-4861-85FA-F702F8540183}.PSM|Any CPU.Deploy.0 = Release|Any CPU
		{EA2D9327-1476-4861-85FA-F702F8540183}.Release|Any CPU.ActiveCfg = Release|Any CPU
		{EA2D9327-1476-4861-85FA-F702F8540183}.Release|Any CPU.Build.0 = Release|Any CPU
		{EA2D9327-1476-4861-85FA-F702F8540183}.Release|Any CPU.Deploy.0 = Release|Any CPU
		{EA2D9327-1476-4861-85FA-F702F8540183}.Windows|Any CPU.ActiveCfg = Release|Any CPU
		{EA2D9327-1476-4861-85FA-F702F8540183}.Windows|Any CPU.Build.0 = Release|Any CPU
		{EA2D9327-1476-4861-85FA-F702F8540183}.Windows|Any CPU.Deploy.0 = Release|Any CPU
		{EA2D9327-1476-4861-85FA-F702F8540183}.Windows8|Any CPU.ActiveCfg = Release|Any CPU
		{EA2D9327-1476-4861-85FA-F702F8540183}.Windows8|Any CPU.Build.0 = Release|Any CPU
		{EA2D9327-1476-4861-85FA-F702F8540183}.Windows8|Any CPU.Deploy.0 = Release|Any CPU
	EndGlobalSection
	GlobalSection(SolutionProperties) = preSolution
		HideSolutionNode = FALSE
	EndGlobalSection
	GlobalSection(NestedProjects) = preSolution
		{565129E0-4EE5-4F6F-B403-C3484C9740BE} = {3958EC75-485C-4ED3-A70C-643BE3F61D6C}
		{BA9476CF-99BA-4D03-92F2-73D2C5E58883} = {3958EC75-485C-4ED3-A70C-643BE3F61D6C}
		{3EEF7A01-8F0C-45ED-8431-7E9827E1A544} = {655EF23B-A670-47E2-B0D9-E97510F30064}
		{EA2D9327-1476-4861-85FA-F702F8540183} = {DC6BC74D-B959-45A4-B50E-5465FF6928F3}
		{6FFB31A3-8E6F-4AB4-87E9-713D0C9CDD18} = {DC6BC74D-B959-45A4-B50E-5465FF6928F3}
	EndGlobalSection
	GlobalSection(MonoDevelopProperties) = preSolution
		StartupItem = Samples\Xpf.Mono.Samples.Android\Xpf.Mono.Samples.Android.csproj
	EndGlobalSection
EndGlobal
